// !$*UTF8*$!
{
	archiveVersion = 1;
	classes = {
	};
	objectVersion = 77;
	objects = {

/* Begin PBXBuildFile section */
		001D1C10C1E418CE2B5EACDE /* GalleryHomeView.swift in Sources */ = {isa = PBXBuildFile; fileRef = 024400A0E7FEC65CE325154E /* GalleryHomeView.swift */; };
		02F114BB6CAF697F8372C153 /* GemmaModelConstraintProvider.xcframework in Embed Frameworks */ = {isa = PBXBuildFile; fileRef = 5459EBE807B9509DD8E7F3AD /* GemmaModelConstraintProvider.xcframework */; settings = {ATTRIBUTES = (CodeSignOnCopy, RemoveHeadersOnCopy, ); }; };
		0A2C28980BFBEAB26B6EE591 /* GallerySharedCore.xcframework in Frameworks */ = {isa = PBXBuildFile; fileRef = FCEC6975CCF9D6917AE6D6F3 /* GallerySharedCore.xcframework */; };
		0C3497332CDE02A3C90B5A10 /* LiteRTLM.xcframework in Frameworks */ = {isa = PBXBuildFile; fileRef = 058841216256B13C493F9A07 /* LiteRTLM.xcframework */; };
		115798245986EF1D6FA7942D /* GalleryIOSApp.swift in Sources */ = {isa = PBXBuildFile; fileRef = BBEADB975A13B5134A4073A4 /* GalleryIOSApp.swift */; };
		2F3816210012D410429D6994 /* GalleryModelManagerView.swift in Sources */ = {isa = PBXBuildFile; fileRef = 10CB47627EC18A453ABADD59 /* GalleryModelManagerView.swift */; };
		3A6EB5BB76C88BCDC5BFD794 /* GoogleSignIn in Frameworks */ = {isa = PBXBuildFile; productRef = 46106A88B0A812BAD50B27B0 /* GoogleSignIn */; };
		45224C16D02F9E28798ABBC2 /* GallerySessionStore.swift in Sources */ = {isa = PBXBuildFile; fileRef = 66C2D5A7B58BFC9562C5E7F3 /* GallerySessionStore.swift */; };
		4BD5499ABD9192F4CCC34975 /* GalleryModel.swift in Sources */ = {isa = PBXBuildFile; fileRef = FA7EFE460A55FDE59E8B835E /* GalleryModel.swift */; };
		6D059D4E41524FD7930DC7CF /* GalleryChatView.swift in Sources */ = {isa = PBXBuildFile; fileRef = C4081138E2A43FFE74CCA921 /* GalleryChatView.swift */; };
		765C685217082553D39789A8 /* GalleryInferenceRuntime.swift in Sources */ = {isa = PBXBuildFile; fileRef = 17BE82697D8BE3E8B0A08B88 /* GalleryInferenceRuntime.swift */; };
		770A6E7022D2CB477751FE06 /* UgotLoginView.swift in Sources */ = {isa = PBXBuildFile; fileRef = 5DEBEE234E0845891292A22A /* UgotLoginView.swift */; };
		85E89DFA9C1AB5E675D87E2D /* GalleryLiteRTLMBridge.mm in Sources */ = {isa = PBXBuildFile; fileRef = 3227EDD9245CA33E78467C53 /* GalleryLiteRTLMBridge.mm */; };
		C4BC16ED23FAF5CA1E534730 /* UgotAuth.swift in Sources */ = {isa = PBXBuildFile; fileRef = 2491854280A97B8CA7758578 /* UgotAuth.swift */; };
		D0F1823DA4FBE38BE2915A78 /* GemmaModelConstraintProvider.xcframework in Frameworks */ = {isa = PBXBuildFile; fileRef = 5459EBE807B9509DD8E7F3AD /* GemmaModelConstraintProvider.xcframework */; };
		F4BE7EA22DF6575666C6C654 /* ContentView.swift in Sources */ = {isa = PBXBuildFile; fileRef = 6AE27BD8E6AAC0726356E35B /* ContentView.swift */; };
/* End PBXBuildFile section */

/* Begin PBXCopyFilesBuildPhase section */
		6FBAA9EA6687D4FBD08B450A /* Embed Frameworks */ = {
			isa = PBXCopyFilesBuildPhase;
			buildActionMask = 2147483647;
			dstPath = "";
			dstSubfolderSpec = 10;
			files = (
				02F114BB6CAF697F8372C153 /* GemmaModelConstraintProvider.xcframework in Embed Frameworks */,
			);
			name = "Embed Frameworks";
			runOnlyForDeploymentPostprocessing = 0;
		};
/* End PBXCopyFilesBuildPhase section */

/* Begin PBXFileReference section */
		024400A0E7FEC65CE325154E /* GalleryHomeView.swift */ = {isa = PBXFileReference; lastKnownFileType = sourcecode.swift; path = GalleryHomeView.swift; sourceTree = "<group>"; };
		058841216256B13C493F9A07 /* LiteRTLM.xcframework */ = {isa = PBXFileReference; lastKnownFileType = wrapper.xcframework; name = LiteRTLM.xcframework; path = Vendor/LiteRTLM/LiteRTLM.xcframework; sourceTree = "<group>"; };
		10CB47627EC18A453ABADD59 /* GalleryModelManagerView.swift */ = {isa = PBXFileReference; lastKnownFileType = sourcecode.swift; path = GalleryModelManagerView.swift; sourceTree = "<group>"; };
		17BE82697D8BE3E8B0A08B88 /* GalleryInferenceRuntime.swift */ = {isa = PBXFileReference; lastKnownFileType = sourcecode.swift; path = GalleryInferenceRuntime.swift; sourceTree = "<group>"; };
		2491854280A97B8CA7758578 /* UgotAuth.swift */ = {isa = PBXFileReference; lastKnownFileType = sourcecode.swift; path = UgotAuth.swift; sourceTree = "<group>"; };
		249D1AA722EC6D4A13162CDB /* GalleryIOS.app */ = {isa = PBXFileReference; includeInIndex = 0; lastKnownFileType = wrapper.application; path = GalleryIOS.app; sourceTree = BUILT_PRODUCTS_DIR; };
		3227EDD9245CA33E78467C53 /* GalleryLiteRTLMBridge.mm */ = {isa = PBXFileReference; lastKnownFileType = sourcecode.cpp.objcpp; path = GalleryLiteRTLMBridge.mm; sourceTree = "<group>"; };
		5459EBE807B9509DD8E7F3AD /* GemmaModelConstraintProvider.xcframework */ = {isa = PBXFileReference; lastKnownFileType = wrapper.xcframework; name = GemmaModelConstraintProvider.xcframework; path = Vendor/LiteRTLM/GemmaModelConstraintProvider.xcframework; sourceTree = "<group>"; };
		5DEBEE234E0845891292A22A /* UgotLoginView.swift */ = {isa = PBXFileReference; lastKnownFileType = sourcecode.swift; path = UgotLoginView.swift; sourceTree = "<group>"; };
		66C2D5A7B58BFC9562C5E7F3 /* GallerySessionStore.swift */ = {isa = PBXFileReference; lastKnownFileType = sourcecode.swift; path = GallerySessionStore.swift; sourceTree = "<group>"; };
		6AE27BD8E6AAC0726356E35B /* ContentView.swift */ = {isa = PBXFileReference; lastKnownFileType = sourcecode.swift; path = ContentView.swift; sourceTree = "<group>"; };
		923455198CC1BB0067F6E793 /* Info.plist */ = {isa = PBXFileReference; lastKnownFileType = text.plist; path = Info.plist; sourceTree = "<group>"; };
		BB6870C9CB1F1321CE90939A /* GalleryLiteRTLMBridge.h */ = {isa = PBXFileReference; lastKnownFileType = sourcecode.c.h; path = GalleryLiteRTLMBridge.h; sourceTree = "<group>"; };
		BBEADB975A13B5134A4073A4 /* GalleryIOSApp.swift */ = {isa = PBXFileReference; lastKnownFileType = sourcecode.swift; path = GalleryIOSApp.swift; sourceTree = "<group>"; };
		C4081138E2A43FFE74CCA921 /* GalleryChatView.swift */ = {isa = PBXFileReference; lastKnownFileType = sourcecode.swift; path = GalleryChatView.swift; sourceTree = "<group>"; };
		E52CD9190ACFA31DD6CB7680 /* GalleryIOS-Bridging-Header.h */ = {isa = PBXFileReference; lastKnownFileType = sourcecode.c.h; path = "GalleryIOS-Bridging-Header.h"; sourceTree = "<group>"; };
		FA7EFE460A55FDE59E8B835E /* GalleryModel.swift */ = {isa = PBXFileReference; lastKnownFileType = sourcecode.swift; path = GalleryModel.swift; sourceTree = "<group>"; };
		FCEC6975CCF9D6917AE6D6F3 /* GallerySharedCore.xcframework */ = {isa = PBXFileReference; lastKnownFileType = wrapper.xcframework; name = GallerySharedCore.xcframework; path = ../Android/src/shared/core/build/XCFrameworks/release/GallerySharedCore.xcframework; sourceTree = "<group>"; };
/* End PBXFileReference section */

/* Begin PBXFrameworksBuildPhase section */
		BE22CA83F139B6857792281C /* Frameworks */ = {
			isa = PBXFrameworksBuildPhase;
			buildActionMask = 2147483647;
			files = (
				0A2C28980BFBEAB26B6EE591 /* GallerySharedCore.xcframework in Frameworks */,
				0C3497332CDE02A3C90B5A10 /* LiteRTLM.xcframework in Frameworks */,
				D0F1823DA4FBE38BE2915A78 /* GemmaModelConstraintProvider.xcframework in Frameworks */,
				3A6EB5BB76C88BCDC5BFD794 /* GoogleSignIn in Frameworks */,
			);
			runOnlyForDeploymentPostprocessing = 0;
		};
/* End PBXFrameworksBuildPhase section */

/* Begin PBXGroup section */
		008BD653DE0FA01379C0C92D /* GalleryIOS */ = {
			isa = PBXGroup;
			children = (
				6AE27BD8E6AAC0726356E35B /* ContentView.swift */,
				C4081138E2A43FFE74CCA921 /* GalleryChatView.swift */,
				024400A0E7FEC65CE325154E /* GalleryHomeView.swift */,
				17BE82697D8BE3E8B0A08B88 /* GalleryInferenceRuntime.swift */,
				E52CD9190ACFA31DD6CB7680 /* GalleryIOS-Bridging-Header.h */,
				BBEADB975A13B5134A4073A4 /* GalleryIOSApp.swift */,
				BB6870C9CB1F1321CE90939A /* GalleryLiteRTLMBridge.h */,
				3227EDD9245CA33E78467C53 /* GalleryLiteRTLMBridge.mm */,
				FA7EFE460A55FDE59E8B835E /* GalleryModel.swift */,
				10CB47627EC18A453ABADD59 /* GalleryModelManagerView.swift */,
				66C2D5A7B58BFC9562C5E7F3 /* GallerySessionStore.swift */,
				923455198CC1BB0067F6E793 /* Info.plist */,
				2491854280A97B8CA7758578 /* UgotAuth.swift */,
				5DEBEE234E0845891292A22A /* UgotLoginView.swift */,
			);
			path = GalleryIOS;
			sourceTree = "<group>";
		};
		2CF8C883778407CB34445CD6 /* Frameworks */ = {
			isa = PBXGroup;
			children = (
				FCEC6975CCF9D6917AE6D6F3 /* GallerySharedCore.xcframework */,
				5459EBE807B9509DD8E7F3AD /* GemmaModelConstraintProvider.xcframework */,
				058841216256B13C493F9A07 /* LiteRTLM.xcframework */,
			);
			name = Frameworks;
			sourceTree = "<group>";
		};
		41BC663772E8615D38F8D5F1 /* Sources */ = {
			isa = PBXGroup;
			children = (
				008BD653DE0FA01379C0C92D /* GalleryIOS */,
			);
			path = Sources;
			sourceTree = "<group>";
		};
		8FF6EFEB77855120F00FB4B0 = {
			isa = PBXGroup;
			children = (
				41BC663772E8615D38F8D5F1 /* Sources */,
				2CF8C883778407CB34445CD6 /* Frameworks */,
				E4FEAFF40F1E54BDC9C54DDA /* Products */,
			);
			sourceTree = "<group>";
		};
		E4FEAFF40F1E54BDC9C54DDA /* Products */ = {
			isa = PBXGroup;
			children = (
				249D1AA722EC6D4A13162CDB /* GalleryIOS.app */,
			);
			name = Products;
			sourceTree = "<group>";
		};
/* End PBXGroup section */

/* Begin PBXNativeTarget section */
		8D51AE0CDE9F03A3C2C383ED /* GalleryIOS */ = {
			isa = PBXNativeTarget;
			buildConfigurationList = 554EA7C3CF49A06C50B6D2E8 /* Build configuration list for PBXNativeTarget "GalleryIOS" */;
			buildPhases = (
				036035927722E64AEB3EC0DD /* Build LiteRT-LM iOS XCFrameworks */,
				A6A040F762EB70FE8E0DDCFA /* Build GallerySharedCore XCFramework */,
				C27934DF76E96BF31998BF74 /* Sources */,
				BE22CA83F139B6857792281C /* Frameworks */,
				6FBAA9EA6687D4FBD08B450A /* Embed Frameworks */,
			);
			buildRules = (
			);
			dependencies = (
			);
			name = GalleryIOS;
			packageProductDependencies = (
				46106A88B0A812BAD50B27B0 /* GoogleSignIn */,
			);
			productName = GalleryIOS;
			productReference = 249D1AA722EC6D4A13162CDB /* GalleryIOS.app */;
			productType = "com.apple.product-type.application";
		};
/* End PBXNativeTarget section */

/* Begin PBXProject section */
		056FA911CA3E26CD214F3F1C /* Project object */ = {
			isa = PBXProject;
			attributes = {
				BuildIndependentTargetsInParallel = YES;
				LastUpgradeCheck = 1430;
				TargetAttributes = {
					8D51AE0CDE9F03A3C2C383ED = {
						ProvisioningStyle = Automatic;
					};
				};
			};
			buildConfigurationList = 042A4951A77AFE506CBDD549 /* Build configuration list for PBXProject "GalleryIOS" */;
			developmentRegion = en;
			hasScannedForEncodings = 0;
			knownRegions = (
				Base,
				en,
			);
			mainGroup = 8FF6EFEB77855120F00FB4B0;
			minimizedProjectReferenceProxies = 1;
			packageReferences = (
				75EAC1AB1CD01A14F0B8C8D7 /* XCRemoteSwiftPackageReference "GoogleSignIn-iOS" */,
			);
			preferredProjectObjectVersion = 77;
			projectDirPath = "";
			projectRoot = "";
			targets = (
				8D51AE0CDE9F03A3C2C383ED /* GalleryIOS */,
			);
		};
/* End PBXProject section */

/* Begin PBXShellScriptBuildPhase section */
		036035927722E64AEB3EC0DD /* Build LiteRT-LM iOS XCFrameworks */ = {
			isa = PBXShellScriptBuildPhase;
			alwaysOutOfDate = 1;
			buildActionMask = 2147483647;
			files = (
			);
			inputFileListPaths = (
			);
			inputPaths = (
			);
			name = "Build LiteRT-LM iOS XCFrameworks";
			outputFileListPaths = (
			);
			outputPaths = (
			);
			runOnlyForDeploymentPostprocessing = 0;
			shellPath = /bin/sh;
			shellScript = "cd \"$SRCROOT\"\n./scripts/build_litertlm_ios_frameworks.sh\n";
		};
		A6A040F762EB70FE8E0DDCFA /* Build GallerySharedCore XCFramework */ = {
			isa = PBXShellScriptBuildPhase;
			alwaysOutOfDate = 1;
			buildActionMask = 2147483647;
			files = (
			);
			inputFileListPaths = (
			);
			inputPaths = (
			);
			name = "Build GallerySharedCore XCFramework";
			outputFileListPaths = (
			);
			outputPaths = (
			);
			runOnlyForDeploymentPostprocessing = 0;
			shellPath = /bin/sh;
			shellScript = "cd \"$SRCROOT/..\"\n./Android/src/gradlew -p Android/src :shared:core:assembleGallerySharedCoreReleaseXCFramework\n";
		};
/* End PBXShellScriptBuildPhase section */

/* Begin PBXSourcesBuildPhase section */
		C27934DF76E96BF31998BF74 /* Sources */ = {
			isa = PBXSourcesBuildPhase;
			buildActionMask = 2147483647;
			files = (
				F4BE7EA22DF6575666C6C654 /* ContentView.swift in Sources */,
				6D059D4E41524FD7930DC7CF /* GalleryChatView.swift in Sources */,
				001D1C10C1E418CE2B5EACDE /* GalleryHomeView.swift in Sources */,
				115798245986EF1D6FA7942D /* GalleryIOSApp.swift in Sources */,
				765C685217082553D39789A8 /* GalleryInferenceRuntime.swift in Sources */,
				85E89DFA9C1AB5E675D87E2D /* GalleryLiteRTLMBridge.mm in Sources */,
				4BD5499ABD9192F4CCC34975 /* GalleryModel.swift in Sources */,
				2F3816210012D410429D6994 /* GalleryModelManagerView.swift in Sources */,
				45224C16D02F9E28798ABBC2 /* GallerySessionStore.swift in Sources */,
				C4BC16ED23FAF5CA1E534730 /* UgotAuth.swift in Sources */,
				770A6E7022D2CB477751FE06 /* UgotLoginView.swift in Sources */,
			);
			runOnlyForDeploymentPostprocessing = 0;
		};
/* End PBXSourcesBuildPhase section */

/* Begin XCBuildConfiguration section */
		5302D6993D43BD0BE2628EDC /* Release */ = {
			isa = XCBuildConfiguration;
			buildSettings = {
				ALWAYS_SEARCH_USER_PATHS = NO;
				CLANG_ANALYZER_NONNULL = YES;
				CLANG_ANALYZER_NUMBER_OBJECT_CONVERSION = YES_AGGRESSIVE;
				CLANG_CXX_LANGUAGE_STANDARD = "gnu++14";
				CLANG_CXX_LIBRARY = "libc++";
				CLANG_ENABLE_MODULES = YES;
				CLANG_ENABLE_OBJC_ARC = YES;
				CLANG_ENABLE_OBJC_WEAK = YES;
				CLANG_WARN_BLOCK_CAPTURE_AUTORELEASING = YES;
				CLANG_WARN_BOOL_CONVERSION = YES;
				CLANG_WARN_COMMA = YES;
				CLANG_WARN_CONSTANT_CONVERSION = YES;
				CLANG_WARN_DEPRECATED_OBJC_IMPLEMENTATIONS = YES;
				CLANG_WARN_DIRECT_OBJC_ISA_USAGE = YES_ERROR;
				CLANG_WARN_DOCUMENTATION_COMMENTS = YES;
				CLANG_WARN_EMPTY_BODY = YES;
				CLANG_WARN_ENUM_CONVERSION = YES;
				CLANG_WARN_INFINITE_RECURSION = YES;
				CLANG_WARN_INT_CONVERSION = YES;
				CLANG_WARN_NON_LITERAL_NULL_CONVERSION = YES;
				CLANG_WARN_OBJC_IMPLICIT_RETAIN_SELF = YES;
				CLANG_WARN_OBJC_LITERAL_CONVERSION = YES;
				CLANG_WARN_OBJC_ROOT_CLASS = YES_ERROR;
				CLANG_WARN_QUOTED_INCLUDE_IN_FRAMEWORK_HEADER = YES;
				CLANG_WARN_RANGE_LOOP_ANALYSIS = YES;
				CLANG_WARN_STRICT_PROTOTYPES = YES;
				CLANG_WARN_SUSPICIOUS_MOVE = YES;
				CLANG_WARN_UNGUARDED_AVAILABILITY = YES_AGGRESSIVE;
				CLANG_WARN_UNREACHABLE_CODE = YES;
				CLANG_WARN__DUPLICATE_METHOD_MATCH = YES;
				CODE_SIGN_STYLE = Automatic;
				COPY_PHASE_STRIP = NO;
				DEBUG_INFORMATION_FORMAT = "dwarf-with-dsym";
				ENABLE_NS_ASSERTIONS = NO;
				ENABLE_STRICT_OBJC_MSGSEND = YES;
				GCC_C_LANGUAGE_STANDARD = gnu11;
				GCC_NO_COMMON_BLOCKS = YES;
				GCC_WARN_64_TO_32_BIT_CONVERSION = YES;
				GCC_WARN_ABOUT_RETURN_TYPE = YES_ERROR;
				GCC_WARN_UNDECLARED_SELECTOR = YES;
				GCC_WARN_UNINITIALIZED_AUTOS = YES_AGGRESSIVE;
				GCC_WARN_UNUSED_FUNCTION = YES;
				GCC_WARN_UNUSED_VARIABLE = YES;
				IPHONEOS_DEPLOYMENT_TARGET = 17.0;
				MTL_ENABLE_DEBUG_INFO = NO;
				MTL_FAST_MATH = YES;
				PRODUCT_NAME = "$(TARGET_NAME)";
				SDKROOT = iphoneos;
				SWIFT_COMPILATION_MODE = wholemodule;
				SWIFT_OPTIMIZATION_LEVEL = "-O";
				SWIFT_VERSION = 5.0;
			};
			name = Release;
		};
		5B1E9234C0C828890D81B421 /* Release */ = {
			isa = XCBuildConfiguration;
			buildSettings = {
				ASSETCATALOG_COMPILER_APPICON_NAME = AppIcon;
				CLANG_CXX_LANGUAGE_STANDARD = "c++20";
				CLANG_CXX_LIBRARY = "libc++";
				CODE_SIGN_IDENTITY = "iPhone Developer";
				FRAMEWORK_SEARCH_PATHS = (
					"$(inherited) $(SRCROOT)/Vendor/LiteRTLM",
					"\"../Android/src/shared/core/build/XCFrameworks/release\"",
					"\"Vendor/LiteRTLM\"",
				);
				INFOPLIST_FILE = Sources/GalleryIOS/Info.plist;
				IPHONEOS_DEPLOYMENT_TARGET = 17.0;
				LD_RUNPATH_SEARCH_PATHS = "$(inherited) @executable_path/Frameworks";
				OTHER_LDFLAGS = "$(inherited) -lc++ -framework AVFAudio -framework AudioToolbox -framework GemmaModelConstraintProvider -all_load";
				PRODUCT_BUNDLE_IDENTIFIER = com.ugot.galleryios;
				SDKROOT = iphoneos;
				SUPPORTED_PLATFORMS = "iphoneos iphonesimulator";
				SUPPORTS_MACCATALYST = NO;
				SWIFT_OBJC_BRIDGING_HEADER = "Sources/GalleryIOS/GalleryIOS-Bridging-Header.h";
				TARGETED_DEVICE_FAMILY = "1,2";
			};
			name = Release;
		};
		C76BB39C36B19CF07F939DD4 /* Debug */ = {
			isa = XCBuildConfiguration;
			buildSettings = {
				ALWAYS_SEARCH_USER_PATHS = NO;
				CLANG_ANALYZER_NONNULL = YES;
				CLANG_ANALYZER_NUMBER_OBJECT_CONVERSION = YES_AGGRESSIVE;
				CLANG_CXX_LANGUAGE_STANDARD = "gnu++14";
				CLANG_CXX_LIBRARY = "libc++";
				CLANG_ENABLE_MODULES = YES;
				CLANG_ENABLE_OBJC_ARC = YES;
				CLANG_ENABLE_OBJC_WEAK = YES;
				CLANG_WARN_BLOCK_CAPTURE_AUTORELEASING = YES;
				CLANG_WARN_BOOL_CONVERSION = YES;
				CLANG_WARN_COMMA = YES;
				CLANG_WARN_CONSTANT_CONVERSION = YES;
				CLANG_WARN_DEPRECATED_OBJC_IMPLEMENTATIONS = YES;
				CLANG_WARN_DIRECT_OBJC_ISA_USAGE = YES_ERROR;
				CLANG_WARN_DOCUMENTATION_COMMENTS = YES;
				CLANG_WARN_EMPTY_BODY = YES;
				CLANG_WARN_ENUM_CONVERSION = YES;
				CLANG_WARN_INFINITE_RECURSION = YES;
				CLANG_WARN_INT_CONVERSION = YES;
				CLANG_WARN_NON_LITERAL_NULL_CONVERSION = YES;
				CLANG_WARN_OBJC_IMPLICIT_RETAIN_SELF = YES;
				CLANG_WARN_OBJC_LITERAL_CONVERSION = YES;
				CLANG_WARN_OBJC_ROOT_CLASS = YES_ERROR;
				CLANG_WARN_QUOTED_INCLUDE_IN_FRAMEWORK_HEADER = YES;
				CLANG_WARN_RANGE_LOOP_ANALYSIS = YES;
				CLANG_WARN_STRICT_PROTOTYPES = YES;
				CLANG_WARN_SUSPICIOUS_MOVE = YES;
				CLANG_WARN_UNGUARDED_AVAILABILITY = YES_AGGRESSIVE;
				CLANG_WARN_UNREACHABLE_CODE = YES;
				CLANG_WARN__DUPLICATE_METHOD_MATCH = YES;
				CODE_SIGN_STYLE = Automatic;
				COPY_PHASE_STRIP = NO;
				DEBUG_INFORMATION_FORMAT = dwarf;
				ENABLE_STRICT_OBJC_MSGSEND = YES;
				ENABLE_TESTABILITY = YES;
				GCC_C_LANGUAGE_STANDARD = gnu11;
				GCC_DYNAMIC_NO_PIC = NO;
				GCC_NO_COMMON_BLOCKS = YES;
				GCC_OPTIMIZATION_LEVEL = 0;
				GCC_PREPROCESSOR_DEFINITIONS = (
					"$(inherited)",
					"DEBUG=1",
				);
				GCC_WARN_64_TO_32_BIT_CONVERSION = YES;
				GCC_WARN_ABOUT_RETURN_TYPE = YES_ERROR;
				GCC_WARN_UNDECLARED_SELECTOR = YES;
				GCC_WARN_UNINITIALIZED_AUTOS = YES_AGGRESSIVE;
				GCC_WARN_UNUSED_FUNCTION = YES;
				GCC_WARN_UNUSED_VARIABLE = YES;
				IPHONEOS_DEPLOYMENT_TARGET = 17.0;
				MTL_ENABLE_DEBUG_INFO = INCLUDE_SOURCE;
				MTL_FAST_MATH = YES;
				ONLY_ACTIVE_ARCH = YES;
				PRODUCT_NAME = "$(TARGET_NAME)";
				SDKROOT = iphoneos;
				SWIFT_ACTIVE_COMPILATION_CONDITIONS = DEBUG;
				SWIFT_OPTIMIZATION_LEVEL = "-Onone";
				SWIFT_VERSION = 5.0;
			};
			name = Debug;
		};
		CC28662BDC733AB7B3D8956A /* Debug */ = {
			isa = XCBuildConfiguration;
			buildSettings = {
				ASSETCATALOG_COMPILER_APPICON_NAME = AppIcon;
				CLANG_CXX_LANGUAGE_STANDARD = "c++20";
				CLANG_CXX_LIBRARY = "libc++";
				CODE_SIGN_IDENTITY = "iPhone Developer";
				FRAMEWORK_SEARCH_PATHS = (
					"$(inherited) $(SRCROOT)/Vendor/LiteRTLM",
					"\"../Android/src/shared/core/build/XCFrameworks/release\"",
					"\"Vendor/LiteRTLM\"",
				);
				INFOPLIST_FILE = Sources/GalleryIOS/Info.plist;
				IPHONEOS_DEPLOYMENT_TARGET = 17.0;
				LD_RUNPATH_SEARCH_PATHS = "$(inherited) @executable_path/Frameworks";
				OTHER_LDFLAGS = "$(inherited) -lc++ -framework AVFAudio -framework AudioToolbox -framework GemmaModelConstraintProvider -all_load";
				PRODUCT_BUNDLE_IDENTIFIER = com.ugot.galleryios;
				SDKROOT = iphoneos;
				SUPPORTED_PLATFORMS = "iphoneos iphonesimulator";
				SUPPORTS_MACCATALYST = NO;
				SWIFT_OBJC_BRIDGING_HEADER = "Sources/GalleryIOS/GalleryIOS-Bridging-Header.h";
				TARGETED_DEVICE_FAMILY = "1,2";
			};
			name = Debug;
		};
/* End XCBuildConfiguration section */

/* Begin XCConfigurationList section */
		042A4951A77AFE506CBDD549 /* Build configuration list for PBXProject "GalleryIOS" */ = {
			isa = XCConfigurationList;
			buildConfigurations = (
				C76BB39C36B19CF07F939DD4 /* Debug */,
				5302D6993D43BD0BE2628EDC /* Release */,
			);
			defaultConfigurationIsVisible = 0;
			defaultConfigurationName = Debug;
		};
		554EA7C3CF49A06C50B6D2E8 /* Build configuration list for PBXNativeTarget "GalleryIOS" */ = {
			isa = XCConfigurationList;
			buildConfigurations = (
				CC28662BDC733AB7B3D8956A /* Debug */,
				5B1E9234C0C828890D81B421 /* Release */,
			);
			defaultConfigurationIsVisible = 0;
			defaultConfigurationName = Debug;
		};
/* End XCConfigurationList section */

/* Begin XCRemoteSwiftPackageReference section */
		75EAC1AB1CD01A14F0B8C8D7 /* XCRemoteSwiftPackageReference "GoogleSignIn-iOS" */ = {
			isa = XCRemoteSwiftPackageReference;
			repositoryURL = "https://github.com/google/GoogleSignIn-iOS";
			requirement = {
				kind = upToNextMajorVersion;
				minimumVersion = 8.0.0;
			};
		};
/* End XCRemoteSwiftPackageReference section */

/* Begin XCSwiftPackageProductDependency section */
		46106A88B0A812BAD50B27B0 /* GoogleSignIn */ = {
			isa = XCSwiftPackageProductDependency;
			package = 75EAC1AB1CD01A14F0B8C8D7 /* XCRemoteSwiftPackageReference "GoogleSignIn-iOS" */;
			productName = GoogleSignIn;
		};
/* End XCSwiftPackageProductDependency section */
	};
	rootObject = 056FA911CA3E26CD214F3F1C /* Project object */;
}
